
Microsoft Visual Studio Solution File, Format Version 12.00
# Visual Studio Version 17
VisualStudioVersion = 17.11.35312.102
MinimumVisualStudioVersion = 10.0.40219.1
Project("{888888A0-9F3D-457C-B088-3A5042F75D52}") = "ASW_API_REST_BACK_FRONT", "ASW_API_REST_BACK_FRONT.pyproj", "{022E37E0-E705-4526-B423-28EE385A4F36}"
EndProject
Global
	GlobalSection(SolutionConfigurationPlatforms) = preSolution
		Debug|Any CPU = Debug|Any CPU
		Release|Any CPU = Release|Any CPU
	EndGlobalSection
	GlobalSection(ProjectConfigurationPlatforms) = postSolution
		{022E37E0-E705-4526-B423-28EE385A4F36}.Debug|Any CPU.ActiveCfg = Debug|Any CPU
		{022E37E0-E705-4526-B423-28EE385A4F36}.Debug|Any CPU.Build.0 = Debug|Any CPU
		{022E37E0-E705-4526-B423-28EE385A4F36}.Release|Any CPU.ActiveCfg = Release|Any CPU
		{022E37E0-E705-4526-B423-28EE385A4F36}.Release|Any CPU.Build.0 = Release|Any CPU
	EndGlobalSection
	GlobalSection(SolutionProperties) = preSolution
		HideSolutionNode = FALSE
	EndGlobalSection
	GlobalSection(ExtensibilityGlobals) = postSolution
		SolutionGuid = {19FA2422-F7B3-479F-B177-FAF60F5D5BF1}
	EndGlobalSection
EndGlobal
